
Microsoft Visual Studio Solution File, Format Version 12.00
# Visual Studio 15
Project("{FAE04EC0-301F-11D3-BF4B-00C04F79EFBC}") = "Assembly-CSharp", "Assembly-CSharp.csproj", "{5D24552F-FFAF-97EB-3489-9CDE67564E8A}"
EndProject
Project("{FAE04EC0-301F-11D3-BF4B-00C04F79EFBC}") = "Unity.AssetBundleBrowser.Editor", "Unity.AssetBundleBrowser.Editor.csproj", "{0CAC50BC-3B3E-51F7-84C6-5596C480923D}"
EndProject
Global
	GlobalSection(SolutionConfigurationPlatforms) = preSolution
		Debug|Any CPU = Debug|Any CPU
		Release|Any CPU = Release|Any CPU
	EndGlobalSection
	GlobalSection(ProjectConfigurationPlatforms) = postSolution
		{5D24552F-FFAF-97EB-3489-9CDE67564E8A}.Debug|Any CPU.ActiveCfg = Debug|Any CPU
		{5D24552F-FFAF-97EB-3489-9CDE67564E8A}.Debug|Any CPU.Build.0 = Debug|Any CPU
		{5D24552F-FFAF-97EB-3489-9CDE67564E8A}.Release|Any CPU.ActiveCfg = Release|Any CPU
		{5D24552F-FFAF-97EB-3489-9CDE67564E8A}.Release|Any CPU.Build.0 = Release|Any CPU
		{0CAC50BC-3B3E-51F7-84C6-5596C480923D}.Debug|Any CPU.ActiveCfg = Debug|Any CPU
		{0CAC50BC-3B3E-51F7-84C6-5596C480923D}.Debug|Any CPU.Build.0 = Debug|Any CPU
		{0CAC50BC-3B3E-51F7-84C6-5596C480923D}.Release|Any CPU.ActiveCfg = Release|Any CPU
		{0CAC50BC-3B3E-51F7-84C6-5596C480923D}.Release|Any CPU.Build.0 = Release|Any CPU
	EndGlobalSection
	GlobalSection(SolutionProperties) = preSolution
		HideSolutionNode = FALSE
	EndGlobalSection
EndGlobal
